
Microsoft Visual Studio Solution File, Format Version 12.00
# Visual Studio Version 16
VisualStudioVersion = 16.0.32802.440
MinimumVisualStudioVersion = 10.0.40219.1
Project("{FAE04EC0-301F-11D3-BF4B-00C04F79EFBC}") = "TikTokDownloader.Android", "TikTokDownloader\TikTokDownloader.Android\TikTokDownloader.Android.csproj", "{B7604950-D047-4F12-A6C4-6C62061FF723}"
EndProject
Project("{FAE04EC0-301F-11D3-BF4B-00C04F79EFBC}") = "TikTokDownloader.iOS", "TikTokDownloader\TikTokDownloader.iOS\TikTokDownloader.iOS.csproj", "{102FE300-5946-4914-AA1B-7645E6647651}"
EndProject
Project("{9A19103F-16F7-4668-BE54-9A1E7A4F7556}") = "TikTokDownloader", "TikTokDownloader\TikTokDownloader\TikTokDownloader.csproj", "{1A472973-EA61-409C-B010-62B994D0C6F1}"
EndProject
Global
	GlobalSection(SolutionConfigurationPlatforms) = preSolution
		Debug|Any CPU = Debug|Any CPU
		Debug|iPhone = Debug|iPhone
		Debug|iPhoneSimulator = Debug|iPhoneSimulator
		Release|Any CPU = Release|Any CPU
		Release|iPhone = Release|iPhone
		Release|iPhoneSimulator = Release|iPhoneSimulator
	EndGlobalSection
	GlobalSection(ProjectConfigurationPlatforms) = postSolution
		{B7604950-D047-4F12-A6C4-6C62061FF723}.Debug|Any CPU.ActiveCfg = Debug|Any CPU
		{B7604950-D047-4F12-A6C4-6C62061FF723}.Debug|Any CPU.Build.0 = Debug|Any CPU
		{B7604950-D047-4F12-A6C4-6C62061FF723}.Debug|Any CPU.Deploy.0 = Debug|Any CPU
		{B7604950-D047-4F12-A6C4-6C62061FF723}.Debug|iPhone.ActiveCfg = Debug|Any CPU
		{B7604950-D047-4F12-A6C4-6C62061FF723}.Debug|iPhone.Build.0 = Debug|Any CPU
		{B7604950-D047-4F12-A6C4-6C62061FF723}.Debug|iPhone.Deploy.0 = Debug|Any CPU
		{B7604950-D047-4F12-A6C4-6C62061FF723}.Debug|iPhoneSimulator.ActiveCfg = Debug|Any CPU
		{B7604950-D047-4F12-A6C4-6C62061FF723}.Debug|iPhoneSimulator.Build.0 = Debug|Any CPU
		{B7604950-D047-4F12-A6C4-6C62061FF723}.Debug|iPhoneSimulator.Deploy.0 = Debug|Any CPU
		{B7604950-D047-4F12-A6C4-6C62061FF723}.Release|Any CPU.ActiveCfg = Release|Any CPU
		{B7604950-D047-4F12-A6C4-6C62061FF723}.Release|Any CPU.Build.0 = Release|Any CPU
		{B7604950-D047-4F12-A6C4-6C62061FF723}.Release|Any CPU.Deploy.0 = Release|Any CPU
		{B7604950-D047-4F12-A6C4-6C62061FF723}.Release|iPhone.ActiveCfg = Release|Any CPU
		{B7604950-D047-4F12-A6C4-6C62061FF723}.Release|iPhone.Build.0 = Release|Any CPU
		{B7604950-D047-4F12-A6C4-6C62061FF723}.Release|iPhone.Deploy.0 = Release|Any CPU
		{B7604950-D047-4F12-A6C4-6C62061FF723}.Release|iPhoneSimulator.ActiveCfg = Release|Any CPU
		{B7604950-D047-4F12-A6C4-6C62061FF723}.Release|iPhoneSimulator.Build.0 = Release|Any CPU
		{B7604950-D047-4F12-A6C4-6C62061FF723}.Release|iPhoneSimulator.Deploy.0 = Release|Any CPU
		{102FE300-5946-4914-AA1B-7645E6647651}.Debug|Any CPU.ActiveCfg = Debug|iPhone
		{102FE300-5946-4914-AA1B-7645E6647651}.Debug|Any CPU.Build.0 = Debug|iPhone
		{102FE300-5946-4914-AA1B-7645E6647651}.Debug|Any CPU.Deploy.0 = Debug|iPhone
		{102FE300-5946-4914-AA1B-7645E6647651}.Debug|iPhone.ActiveCfg = Debug|iPhone
		{102FE300-5946-4914-AA1B-7645E6647651}.Debug|iPhone.Build.0 = Debug|iPhone
		{102FE300-5946-4914-AA1B-7645E6647651}.Debug|iPhone.Deploy.0 = Debug|iPhone
		{102FE300-5946-4914-AA1B-7645E6647651}.Debug|iPhoneSimulator.ActiveCfg = Debug|iPhoneSimulator
		{102FE300-5946-4914-AA1B-7645E6647651}.Debug|iPhoneSimulator.Build.0 = Debug|iPhoneSimulator
		{102FE300-5946-4914-AA1B-7645E6647651}.Debug|iPhoneSimulator.Deploy.0 = Debug|iPhoneSimulator
		{102FE300-5946-4914-AA1B-7645E6647651}.Release|Any CPU.ActiveCfg = Release|iPhoneSimulator
		{102FE300-5946-4914-AA1B-7645E6647651}.Release|Any CPU.Build.0 = Release|iPhoneSimulator
		{102FE300-5946-4914-AA1B-7645E6647651}.Release|Any CPU.Deploy.0 = Release|iPhoneSimulator
		{102FE300-5946-4914-AA1B-7645E6647651}.Release|iPhone.ActiveCfg = Release|iPhone
		{102FE300-5946-4914-AA1B-7645E6647651}.Release|iPhone.Build.0 = Release|iPhone
		{102FE300-5946-4914-AA1B-7645E6647651}.Release|iPhone.Deploy.0 = Release|iPhone
		{102FE300-5946-4914-AA1B-7645E6647651}.Release|iPhoneSimulator.ActiveCfg = Release|iPhoneSimulator
		{102FE300-5946-4914-AA1B-7645E6647651}.Release|iPhoneSimulator.Build.0 = Release|iPhoneSimulator
		{102FE300-5946-4914-AA1B-7645E6647651}.Release|iPhoneSimulator.Deploy.0 = Release|iPhoneSimulator
		{1A472973-EA61-409C-B010-62B994D0C6F1}.Debug|Any CPU.ActiveCfg = Debug|Any CPU
		{1A472973-EA61-409C-B010-62B994D0C6F1}.Debug|Any CPU.Build.0 = Debug|Any CPU
		{1A472973-EA61-409C-B010-62B994D0C6F1}.Debug|Any CPU.Deploy.0 = Debug|Any CPU
		{1A472973-EA61-409C-B010-62B994D0C6F1}.Debug|iPhone.ActiveCfg = Debug|Any CPU
		{1A472973-EA61-409C-B010-62B994D0C6F1}.Debug|iPhone.Build.0 = Debug|Any CPU
		{1A472973-EA61-409C-B010-62B994D0C6F1}.Debug|iPhone.Deploy.0 = Debug|Any CPU
		{1A472973-EA61-409C-B010-62B994D0C6F1}.Debug|iPhoneSimulator.ActiveCfg = Debug|Any CPU
		{1A472973-EA61-409C-B010-62B994D0C6F1}.Debug|iPhoneSimulator.Build.0 = Debug|Any CPU
		{1A472973-EA61-409C-B010-62B994D0C6F1}.Debug|iPhoneSimulator.Deploy.0 = Debug|Any CPU
		{1A472973-EA61-409C-B010-62B994D0C6F1}.Release|Any CPU.ActiveCfg = Release|Any CPU
		{1A472973-EA61-409C-B010-62B994D0C6F1}.Release|Any CPU.Build.0 = Release|Any CPU
		{1A472973-EA61-409C-B010-62B994D0C6F1}.Release|Any CPU.Deploy.0 = Release|Any CPU
		{1A472973-EA61-409C-B010-62B994D0C6F1}.Release|iPhone.ActiveCfg = Release|Any CPU
		{1A472973-EA61-409C-B010-62B994D0C6F1}.Release|iPhone.Build.0 = Release|Any CPU
		{1A472973-EA61-409C-B010-62B994D0C6F1}.Release|iPhone.Deploy.0 = Release|Any CPU
		{1A472973-EA61-409C-B010-62B994D0C6F1}.Release|iPhoneSimulator.ActiveCfg = Release|Any CPU
		{1A472973-EA61-409C-B010-62B994D0C6F1}.Release|iPhoneSimulator.Build.0 = Release|Any CPU
		{1A472973-EA61-409C-B010-62B994D0C6F1}.Release|iPhoneSimulator.Deploy.0 = Release|Any CPU
	EndGlobalSection
	GlobalSection(SolutionProperties) = preSolution
		HideSolutionNode = FALSE
	EndGlobalSection
	GlobalSection(ExtensibilityGlobals) = postSolution
		SolutionGuid = {49F49322-8E70-49F7-BAA3-A79AD6374E8B}
	EndGlobalSection
EndGlobal
